
Microsoft Visual Studio Solution File, Format Version 12.00
Project("{FAE04EC0-301F-11D3-BF4B-00C04F79EFBC}") = "MediaTranscodeEngine.Cli", "src\MediaTranscodeEngine.Cli\MediaTranscodeEngine.Cli.csproj", "{97E9300D-D5FB-4BC0-9E84-C4C3C809D367}"
EndProject
Project("{FAE04EC0-301F-11D3-BF4B-00C04F79EFBC}") = "MediaTranscodeEngine.Runtime", "src\MediaTranscodeEngine.Runtime\MediaTranscodeEngine.Runtime.csproj", "{19199892-9DE5-43F6-BCFF-115C75AFCC44}"
EndProject
Project("{FAE04EC0-301F-11D3-BF4B-00C04F79EFBC}") = "MediaTranscodeEngine.Runtime.Tests", "tests\MediaTranscodeEngine.Runtime.Tests\MediaTranscodeEngine.Runtime.Tests.csproj", "{8C4B51A6-A4E4-4533-9204-3F7438FDCE62}"
EndProject
Project("{FAE04EC0-301F-11D3-BF4B-00C04F79EFBC}") = "MediaTranscodeEngine.Cli.Tests", "tests\MediaTranscodeEngine.Cli.Tests\MediaTranscodeEngine.Cli.Tests.csproj", "{EB3E1465-F31F-4588-B91B-6E2F6C355C3B}"
EndProject
Global
	GlobalSection(SolutionConfigurationPlatforms) = preSolution
		Debug|Any CPU = Debug|Any CPU
		Debug|x64 = Debug|x64
		Debug|x86 = Debug|x86
		Release|Any CPU = Release|Any CPU
		Release|x64 = Release|x64
		Release|x86 = Release|x86
	EndGlobalSection
	GlobalSection(ProjectConfigurationPlatforms) = postSolution
		{97E9300D-D5FB-4BC0-9E84-C4C3C809D367}.Debug|Any CPU.ActiveCfg = Debug|Any CPU
		{97E9300D-D5FB-4BC0-9E84-C4C3C809D367}.Debug|Any CPU.Build.0 = Debug|Any CPU
		{97E9300D-D5FB-4BC0-9E84-C4C3C809D367}.Debug|x64.ActiveCfg = Debug|Any CPU
		{97E9300D-D5FB-4BC0-9E84-C4C3C809D367}.Debug|x64.Build.0 = Debug|Any CPU
		{97E9300D-D5FB-4BC0-9E84-C4C3C809D367}.Debug|x86.ActiveCfg = Debug|Any CPU
		{97E9300D-D5FB-4BC0-9E84-C4C3C809D367}.Debug|x86.Build.0 = Debug|Any CPU
		{97E9300D-D5FB-4BC0-9E84-C4C3C809D367}.Release|Any CPU.ActiveCfg = Release|Any CPU
		{97E9300D-D5FB-4BC0-9E84-C4C3C809D367}.Release|Any CPU.Build.0 = Release|Any CPU
		{97E9300D-D5FB-4BC0-9E84-C4C3C809D367}.Release|x64.ActiveCfg = Release|Any CPU
		{97E9300D-D5FB-4BC0-9E84-C4C3C809D367}.Release|x64.Build.0 = Release|Any CPU
		{97E9300D-D5FB-4BC0-9E84-C4C3C809D367}.Release|x86.ActiveCfg = Release|Any CPU
		{97E9300D-D5FB-4BC0-9E84-C4C3C809D367}.Release|x86.Build.0 = Release|Any CPU
		{19199892-9DE5-43F6-BCFF-115C75AFCC44}.Debug|Any CPU.ActiveCfg = Debug|Any CPU
		{19199892-9DE5-43F6-BCFF-115C75AFCC44}.Debug|Any CPU.Build.0 = Debug|Any CPU
		{19199892-9DE5-43F6-BCFF-115C75AFCC44}.Debug|x64.ActiveCfg = Debug|Any CPU
		{19199892-9DE5-43F6-BCFF-115C75AFCC44}.Debug|x64.Build.0 = Debug|Any CPU
		{19199892-9DE5-43F6-BCFF-115C75AFCC44}.Debug|x86.ActiveCfg = Debug|Any CPU
		{19199892-9DE5-43F6-BCFF-115C75AFCC44}.Debug|x86.Build.0 = Debug|Any CPU
		{19199892-9DE5-43F6-BCFF-115C75AFCC44}.Release|Any CPU.ActiveCfg = Release|Any CPU
		{19199892-9DE5-43F6-BCFF-115C75AFCC44}.Release|Any CPU.Build.0 = Release|Any CPU
		{19199892-9DE5-43F6-BCFF-115C75AFCC44}.Release|x64.ActiveCfg = Release|Any CPU
		{19199892-9DE5-43F6-BCFF-115C75AFCC44}.Release|x64.Build.0 = Release|Any CPU
		{19199892-9DE5-43F6-BCFF-115C75AFCC44}.Release|x86.ActiveCfg = Release|Any CPU
		{19199892-9DE5-43F6-BCFF-115C75AFCC44}.Release|x86.Build.0 = Release|Any CPU
		{8C4B51A6-A4E4-4533-9204-3F7438FDCE62}.Debug|Any CPU.ActiveCfg = Debug|Any CPU
		{8C4B51A6-A4E4-4533-9204-3F7438FDCE62}.Debug|Any CPU.Build.0 = Debug|Any CPU
		{8C4B51A6-A4E4-4533-9204-3F7438FDCE62}.Debug|x64.ActiveCfg = Debug|Any CPU
		{8C4B51A6-A4E4-4533-9204-3F7438FDCE62}.Debug|x64.Build.0 = Debug|Any CPU
		{8C4B51A6-A4E4-4533-9204-3F7438FDCE62}.Debug|x86.ActiveCfg = Debug|Any CPU
		{8C4B51A6-A4E4-4533-9204-3F7438FDCE62}.Debug|x86.Build.0 = Debug|Any CPU
		{8C4B51A6-A4E4-4533-9204-3F7438FDCE62}.Release|Any CPU.ActiveCfg = Release|Any CPU
		{8C4B51A6-A4E4-4533-9204-3F7438FDCE62}.Release|Any CPU.Build.0 = Release|Any CPU
		{8C4B51A6-A4E4-4533-9204-3F7438FDCE62}.Release|x64.ActiveCfg = Release|Any CPU
		{8C4B51A6-A4E4-4533-9204-3F7438FDCE62}.Release|x64.Build.0 = Release|Any CPU
		{8C4B51A6-A4E4-4533-9204-3F7438FDCE62}.Release|x86.ActiveCfg = Release|Any CPU
		{8C4B51A6-A4E4-4533-9204-3F7438FDCE62}.Release|x86.Build.0 = Release|Any CPU
		{EB3E1465-F31F-4588-B91B-6E2F6C355C3B}.Debug|Any CPU.ActiveCfg = Debug|Any CPU
		{EB3E1465-F31F-4588-B91B-6E2F6C355C3B}.Debug|Any CPU.Build.0 = Debug|Any CPU
		{EB3E1465-F31F-4588-B91B-6E2F6C355C3B}.Debug|x64.ActiveCfg = Debug|Any CPU
		{EB3E1465-F31F-4588-B91B-6E2F6C355C3B}.Debug|x64.Build.0 = Debug|Any CPU
		{EB3E1465-F31F-4588-B91B-6E2F6C355C3B}.Debug|x86.ActiveCfg = Debug|Any CPU
		{EB3E1465-F31F-4588-B91B-6E2F6C355C3B}.Debug|x86.Build.0 = Debug|Any CPU
		{EB3E1465-F31F-4588-B91B-6E2F6C355C3B}.Release|Any CPU.ActiveCfg = Release|Any CPU
		{EB3E1465-F31F-4588-B91B-6E2F6C355C3B}.Release|Any CPU.Build.0 = Release|Any CPU
		{EB3E1465-F31F-4588-B91B-6E2F6C355C3B}.Release|x64.ActiveCfg = Release|Any CPU
		{EB3E1465-F31F-4588-B91B-6E2F6C355C3B}.Release|x64.Build.0 = Release|Any CPU
		{EB3E1465-F31F-4588-B91B-6E2F6C355C3B}.Release|x86.ActiveCfg = Release|Any CPU
		{EB3E1465-F31F-4588-B91B-6E2F6C355C3B}.Release|x86.Build.0 = Release|Any CPU
	EndGlobalSection
	GlobalSection(SolutionProperties) = preSolution
		HideSolutionNode = FALSE
	EndGlobalSection
	GlobalSection(NestedProjects) = preSolution
	EndGlobalSection
EndGlobal
