
Microsoft Visual Studio Solution File, Format Version 12.00
Project("{FAE04EC0-301F-11D3-BF4B-00C04F79EFBC}") = "Transcode.Cli", "src\Transcode.Cli\Transcode.Cli.csproj", "{97E9300D-D5FB-4BC0-9E84-C4C3C809D367}"
EndProject
Project("{FAE04EC0-301F-11D3-BF4B-00C04F79EFBC}") = "Transcode.Core", "src\Transcode.Core\Transcode.Core.csproj", "{19199892-9DE5-43F6-BCFF-115C75AFCC44}"
EndProject
Project("{FAE04EC0-301F-11D3-BF4B-00C04F79EFBC}") = "Transcode.Runtime.Tests", "tests\Transcode.Runtime.Tests\Transcode.Runtime.Tests.csproj", "{8C4B51A6-A4E4-4533-9204-3F7438FDCE62}"
EndProject
Project("{FAE04EC0-301F-11D3-BF4B-00C04F79EFBC}") = "Transcode.Cli.Tests", "tests\Transcode.Cli.Tests\Transcode.Cli.Tests.csproj", "{EB3E1465-F31F-4588-B91B-6E2F6C355C3B}"
EndProject
Project("{FAE04EC0-301F-11D3-BF4B-00C04F79EFBC}") = "Transcode.Scenarios.ToH264Gpu", "src\Transcode.Scenarios.ToH264Gpu\Transcode.Scenarios.ToH264Gpu.csproj", "{4AAB60B8-C97C-48C3-ABBF-BA8F69CC0C6E}"
EndProject
Project("{FAE04EC0-301F-11D3-BF4B-00C04F79EFBC}") = "Transcode.Scenarios.ToMkvGpu", "src\Transcode.Scenarios.ToMkvGpu\Transcode.Scenarios.ToMkvGpu.csproj", "{F7770C0A-F414-4F34-BADD-6DA38C637B9A}"
EndProject
Project("{FAE04EC0-301F-11D3-BF4B-00C04F79EFBC}") = "Transcode.Cli.Core", "src\Transcode.Cli.Core\Transcode.Cli.Core.csproj", "{96461F85-25DA-4BDC-B671-90F70A2DD8E0}"
EndProject
Project("{2150E333-8FDC-42A3-9474-1A3956D46DE8}") = "Tests", "Tests", "{203F3E56-BCC5-4A4A-9804-B58765291648}"
EndProject
Global
	GlobalSection(SolutionConfigurationPlatforms) = preSolution
		Debug|Any CPU = Debug|Any CPU
		Debug|x64 = Debug|x64
		Debug|x86 = Debug|x86
		Release|Any CPU = Release|Any CPU
		Release|x64 = Release|x64
		Release|x86 = Release|x86
	EndGlobalSection
	GlobalSection(ProjectConfigurationPlatforms) = postSolution
		{97E9300D-D5FB-4BC0-9E84-C4C3C809D367}.Debug|Any CPU.ActiveCfg = Debug|Any CPU
		{97E9300D-D5FB-4BC0-9E84-C4C3C809D367}.Debug|Any CPU.Build.0 = Debug|Any CPU
		{97E9300D-D5FB-4BC0-9E84-C4C3C809D367}.Debug|x64.ActiveCfg = Debug|Any CPU
		{97E9300D-D5FB-4BC0-9E84-C4C3C809D367}.Debug|x64.Build.0 = Debug|Any CPU
		{97E9300D-D5FB-4BC0-9E84-C4C3C809D367}.Debug|x86.ActiveCfg = Debug|Any CPU
		{97E9300D-D5FB-4BC0-9E84-C4C3C809D367}.Debug|x86.Build.0 = Debug|Any CPU
		{97E9300D-D5FB-4BC0-9E84-C4C3C809D367}.Release|Any CPU.ActiveCfg = Release|Any CPU
		{97E9300D-D5FB-4BC0-9E84-C4C3C809D367}.Release|Any CPU.Build.0 = Release|Any CPU
		{97E9300D-D5FB-4BC0-9E84-C4C3C809D367}.Release|x64.ActiveCfg = Release|Any CPU
		{97E9300D-D5FB-4BC0-9E84-C4C3C809D367}.Release|x64.Build.0 = Release|Any CPU
		{97E9300D-D5FB-4BC0-9E84-C4C3C809D367}.Release|x86.ActiveCfg = Release|Any CPU
		{97E9300D-D5FB-4BC0-9E84-C4C3C809D367}.Release|x86.Build.0 = Release|Any CPU
		{19199892-9DE5-43F6-BCFF-115C75AFCC44}.Debug|Any CPU.ActiveCfg = Debug|Any CPU
		{19199892-9DE5-43F6-BCFF-115C75AFCC44}.Debug|Any CPU.Build.0 = Debug|Any CPU
		{19199892-9DE5-43F6-BCFF-115C75AFCC44}.Debug|x64.ActiveCfg = Debug|Any CPU
		{19199892-9DE5-43F6-BCFF-115C75AFCC44}.Debug|x64.Build.0 = Debug|Any CPU
		{19199892-9DE5-43F6-BCFF-115C75AFCC44}.Debug|x86.ActiveCfg = Debug|Any CPU
		{19199892-9DE5-43F6-BCFF-115C75AFCC44}.Debug|x86.Build.0 = Debug|Any CPU
		{19199892-9DE5-43F6-BCFF-115C75AFCC44}.Release|Any CPU.ActiveCfg = Release|Any CPU
		{19199892-9DE5-43F6-BCFF-115C75AFCC44}.Release|Any CPU.Build.0 = Release|Any CPU
		{19199892-9DE5-43F6-BCFF-115C75AFCC44}.Release|x64.ActiveCfg = Release|Any CPU
		{19199892-9DE5-43F6-BCFF-115C75AFCC44}.Release|x64.Build.0 = Release|Any CPU
		{19199892-9DE5-43F6-BCFF-115C75AFCC44}.Release|x86.ActiveCfg = Release|Any CPU
		{19199892-9DE5-43F6-BCFF-115C75AFCC44}.Release|x86.Build.0 = Release|Any CPU
		{8C4B51A6-A4E4-4533-9204-3F7438FDCE62}.Debug|Any CPU.ActiveCfg = Debug|Any CPU
		{8C4B51A6-A4E4-4533-9204-3F7438FDCE62}.Debug|Any CPU.Build.0 = Debug|Any CPU
		{8C4B51A6-A4E4-4533-9204-3F7438FDCE62}.Debug|x64.ActiveCfg = Debug|Any CPU
		{8C4B51A6-A4E4-4533-9204-3F7438FDCE62}.Debug|x64.Build.0 = Debug|Any CPU
		{8C4B51A6-A4E4-4533-9204-3F7438FDCE62}.Debug|x86.ActiveCfg = Debug|Any CPU
		{8C4B51A6-A4E4-4533-9204-3F7438FDCE62}.Debug|x86.Build.0 = Debug|Any CPU
		{8C4B51A6-A4E4-4533-9204-3F7438FDCE62}.Release|Any CPU.ActiveCfg = Release|Any CPU
		{8C4B51A6-A4E4-4533-9204-3F7438FDCE62}.Release|Any CPU.Build.0 = Release|Any CPU
		{8C4B51A6-A4E4-4533-9204-3F7438FDCE62}.Release|x64.ActiveCfg = Release|Any CPU
		{8C4B51A6-A4E4-4533-9204-3F7438FDCE62}.Release|x64.Build.0 = Release|Any CPU
		{8C4B51A6-A4E4-4533-9204-3F7438FDCE62}.Release|x86.ActiveCfg = Release|Any CPU
		{8C4B51A6-A4E4-4533-9204-3F7438FDCE62}.Release|x86.Build.0 = Release|Any CPU
		{EB3E1465-F31F-4588-B91B-6E2F6C355C3B}.Debug|Any CPU.ActiveCfg = Debug|Any CPU
		{EB3E1465-F31F-4588-B91B-6E2F6C355C3B}.Debug|Any CPU.Build.0 = Debug|Any CPU
		{EB3E1465-F31F-4588-B91B-6E2F6C355C3B}.Debug|x64.ActiveCfg = Debug|Any CPU
		{EB3E1465-F31F-4588-B91B-6E2F6C355C3B}.Debug|x64.Build.0 = Debug|Any CPU
		{EB3E1465-F31F-4588-B91B-6E2F6C355C3B}.Debug|x86.ActiveCfg = Debug|Any CPU
		{EB3E1465-F31F-4588-B91B-6E2F6C355C3B}.Debug|x86.Build.0 = Debug|Any CPU
		{EB3E1465-F31F-4588-B91B-6E2F6C355C3B}.Release|Any CPU.ActiveCfg = Release|Any CPU
		{EB3E1465-F31F-4588-B91B-6E2F6C355C3B}.Release|Any CPU.Build.0 = Release|Any CPU
		{EB3E1465-F31F-4588-B91B-6E2F6C355C3B}.Release|x64.ActiveCfg = Release|Any CPU
		{EB3E1465-F31F-4588-B91B-6E2F6C355C3B}.Release|x64.Build.0 = Release|Any CPU
		{EB3E1465-F31F-4588-B91B-6E2F6C355C3B}.Release|x86.ActiveCfg = Release|Any CPU
		{EB3E1465-F31F-4588-B91B-6E2F6C355C3B}.Release|x86.Build.0 = Release|Any CPU
		{4AAB60B8-C97C-48C3-ABBF-BA8F69CC0C6E}.Debug|Any CPU.ActiveCfg = Debug|Any CPU
		{4AAB60B8-C97C-48C3-ABBF-BA8F69CC0C6E}.Debug|Any CPU.Build.0 = Debug|Any CPU
		{4AAB60B8-C97C-48C3-ABBF-BA8F69CC0C6E}.Debug|x64.ActiveCfg = Debug|Any CPU
		{4AAB60B8-C97C-48C3-ABBF-BA8F69CC0C6E}.Debug|x64.Build.0 = Debug|Any CPU
		{4AAB60B8-C97C-48C3-ABBF-BA8F69CC0C6E}.Debug|x86.ActiveCfg = Debug|Any CPU
		{4AAB60B8-C97C-48C3-ABBF-BA8F69CC0C6E}.Debug|x86.Build.0 = Debug|Any CPU
		{4AAB60B8-C97C-48C3-ABBF-BA8F69CC0C6E}.Release|Any CPU.ActiveCfg = Release|Any CPU
		{4AAB60B8-C97C-48C3-ABBF-BA8F69CC0C6E}.Release|Any CPU.Build.0 = Release|Any CPU
		{4AAB60B8-C97C-48C3-ABBF-BA8F69CC0C6E}.Release|x64.ActiveCfg = Release|Any CPU
		{4AAB60B8-C97C-48C3-ABBF-BA8F69CC0C6E}.Release|x64.Build.0 = Release|Any CPU
		{4AAB60B8-C97C-48C3-ABBF-BA8F69CC0C6E}.Release|x86.ActiveCfg = Release|Any CPU
		{4AAB60B8-C97C-48C3-ABBF-BA8F69CC0C6E}.Release|x86.Build.0 = Release|Any CPU
		{F7770C0A-F414-4F34-BADD-6DA38C637B9A}.Debug|Any CPU.ActiveCfg = Debug|Any CPU
		{F7770C0A-F414-4F34-BADD-6DA38C637B9A}.Debug|Any CPU.Build.0 = Debug|Any CPU
		{F7770C0A-F414-4F34-BADD-6DA38C637B9A}.Debug|x64.ActiveCfg = Debug|Any CPU
		{F7770C0A-F414-4F34-BADD-6DA38C637B9A}.Debug|x64.Build.0 = Debug|Any CPU
		{F7770C0A-F414-4F34-BADD-6DA38C637B9A}.Debug|x86.ActiveCfg = Debug|Any CPU
		{F7770C0A-F414-4F34-BADD-6DA38C637B9A}.Debug|x86.Build.0 = Debug|Any CPU
		{F7770C0A-F414-4F34-BADD-6DA38C637B9A}.Release|Any CPU.ActiveCfg = Release|Any CPU
		{F7770C0A-F414-4F34-BADD-6DA38C637B9A}.Release|Any CPU.Build.0 = Release|Any CPU
		{F7770C0A-F414-4F34-BADD-6DA38C637B9A}.Release|x64.ActiveCfg = Release|Any CPU
		{F7770C0A-F414-4F34-BADD-6DA38C637B9A}.Release|x64.Build.0 = Release|Any CPU
		{F7770C0A-F414-4F34-BADD-6DA38C637B9A}.Release|x86.ActiveCfg = Release|Any CPU
		{F7770C0A-F414-4F34-BADD-6DA38C637B9A}.Release|x86.Build.0 = Release|Any CPU
		{96461F85-25DA-4BDC-B671-90F70A2DD8E0}.Debug|Any CPU.ActiveCfg = Debug|Any CPU
		{96461F85-25DA-4BDC-B671-90F70A2DD8E0}.Debug|Any CPU.Build.0 = Debug|Any CPU
		{96461F85-25DA-4BDC-B671-90F70A2DD8E0}.Debug|x64.ActiveCfg = Debug|Any CPU
		{96461F85-25DA-4BDC-B671-90F70A2DD8E0}.Debug|x64.Build.0 = Debug|Any CPU
		{96461F85-25DA-4BDC-B671-90F70A2DD8E0}.Debug|x86.ActiveCfg = Debug|Any CPU
		{96461F85-25DA-4BDC-B671-90F70A2DD8E0}.Debug|x86.Build.0 = Debug|Any CPU
		{96461F85-25DA-4BDC-B671-90F70A2DD8E0}.Release|Any CPU.ActiveCfg = Release|Any CPU
		{96461F85-25DA-4BDC-B671-90F70A2DD8E0}.Release|Any CPU.Build.0 = Release|Any CPU
		{96461F85-25DA-4BDC-B671-90F70A2DD8E0}.Release|x64.ActiveCfg = Release|Any CPU
		{96461F85-25DA-4BDC-B671-90F70A2DD8E0}.Release|x64.Build.0 = Release|Any CPU
		{96461F85-25DA-4BDC-B671-90F70A2DD8E0}.Release|x86.ActiveCfg = Release|Any CPU
		{96461F85-25DA-4BDC-B671-90F70A2DD8E0}.Release|x86.Build.0 = Release|Any CPU
	EndGlobalSection
	GlobalSection(SolutionProperties) = preSolution
		HideSolutionNode = FALSE
	EndGlobalSection
	GlobalSection(NestedProjects) = preSolution
		{8C4B51A6-A4E4-4533-9204-3F7438FDCE62} = {203F3E56-BCC5-4A4A-9804-B58765291648}
		{EB3E1465-F31F-4588-B91B-6E2F6C355C3B} = {203F3E56-BCC5-4A4A-9804-B58765291648}
	EndGlobalSection
EndGlobal
